<Solution>
  <Project Path="benchmarks/FunnySharp.Benchmarks/FunnySharp.Benchmarks.csproj" />
  <Project Path="examples/FunnySharp.AspNetCore.Examples/FunnySharp.AspNetCore.Examples.csproj" />
  <Project Path="examples/FunnySharp.DocumentationSamples/FunnySharp.DocumentationSamples.csproj" />
  <Project Path="examples/FunnySharp.Examples/FunnySharp.Examples.csproj" />
  <Project Path="src/FunnySharp.AspNetCore/FunnySharp.AspNetCore.csproj" />
  <Project Path="src/FunnySharp/FunnySharp.csproj" />
  <Project Path="tests/FunnySharp.AspNetCore.Tests/FunnySharp.AspNetCore.Tests.csproj" />
  <Project Path="tests/FunnySharp.Tests/FunnySharp.Tests.csproj" />
</Solution>
