{
  "version": 1,
  "dependencies": {
    "net10.0": {
      "FSharp.Core": {
        "type": "Direct",
        "requested": "[10.1.401, )",
        "resolved": "10.1.401",
        "contentHash": "/lvOK51KD8IangBYkfDVna3/HrE/r4VUnX3dI01KDspctoYXmind3POeoYkqWKeXHwiKlf6Hc9TxwSnoSCWcjw=="
      },
      "Fun.Build": {
        "type": "Direct",
        "requested": "[1.2.0, )",
        "resolved": "1.2.0",
        "contentHash": "7A+Whcb50IDsvNvQ9bMr6/pkw0G700xXdvjZnQFAMfXrk1Cey7jdJYZJxb0/QHOsuDTYfqxF5oy+R6fuGlOBAA==",
        "dependencies": {
          "FSharp.Core": "6.0.0",
          "Fun.Result": "2.0.9",
          "Spectre.Console": "0.46.0"
        }
      },
      "Fun.Result": {
        "type": "Transitive",
        "resolved": "2.0.9",
        "contentHash": "UqkeqskNL+Up5Vv4fPT02nPcwNn+kXV9yXL9y0gSJPM1oTV48ERopCXs0b9pNL/YtinvMj1jzj8lmjRqqM3cCQ==",
        "dependencies": {
          "FSharp.Core": "6.0.0"
        }
      },
      "Spectre.Console": {
        "type": "Transitive",
        "resolved": "0.46.0",
        "contentHash": "qd2OMEGxfQW1KLuQj56KKHkIK6eB/IUF/AET5CRl/efROHGsvBehx9shfkL0HgJEHLCwRiR7foWi4/LkdPk18g=="
      }
    }
  }
}
